
Microsoft Visual Studio Solution File, Format Version 12.00
# Visual Studio Version 17
VisualStudioVersion = 17.14.36127.28 d17.14
MinimumVisualStudioVersion = 10.0.40219.1
Project("{FAE04EC0-301F-11D3-BF4B-00C04F79EFBC}") = "StatePattern4", "StatePattern4.csproj", "{60182A4B-0F42-466E-A36D-4295FA3A4B0F}"
EndProject
Global
	GlobalSection(SolutionConfigurationPlatforms) = preSolution
		Debug|Any CPU = Debug|Any CPU
		Release|Any CPU = Release|Any CPU
	EndGlobalSection
	GlobalSection(ProjectConfigurationPlatforms) = postSolution
		{60182A4B-0F42-466E-A36D-4295FA3A4B0F}.Debug|Any CPU.ActiveCfg = Debug|Any CPU
		{60182A4B-0F42-466E-A36D-4295FA3A4B0F}.Debug|Any CPU.Build.0 = Debug|Any CPU
		{60182A4B-0F42-466E-A36D-4295FA3A4B0F}.Release|Any CPU.ActiveCfg = Release|Any CPU
		{60182A4B-0F42-466E-A36D-4295FA3A4B0F}.Release|Any CPU.Build.0 = Release|Any CPU
	EndGlobalSection
	GlobalSection(SolutionProperties) = preSolution
		HideSolutionNode = FALSE
	EndGlobalSection
	GlobalSection(ExtensibilityGlobals) = postSolution
		SolutionGuid = {FCA62C1D-613A-4865-8134-880FF52EC2F9}
	EndGlobalSection
EndGlobal
